
Microsoft Visual Studio Solution File, Format Version 12.00
# Visual Studio Version 17
VisualStudioVersion = 17.4.33110.190
MinimumVisualStudioVersion = 10.0.40219.1
Project("{9A19103F-16F7-4668-BE54-9A1E7A4F7556}") = "StaticDotNet.ArgumentValidation", "StaticDotNet.ArgumentValidation\StaticDotNet.ArgumentValidation.csproj", "{1B7BABCF-A44D-4767-9401-42846A9F37CD}"
EndProject
Project("{2150E333-8FDC-42A3-9474-1A3956D46DE8}") = "Solution Items", "Solution Items", "{B88AA6A1-1FD2-4B40-A96E-2BD797A77EB7}"
	ProjectSection(SolutionItems) = preProject
		.gitignore = .gitignore
	EndProjectSection
EndProject
Project("{9A19103F-16F7-4668-BE54-9A1E7A4F7556}") = "StaticDotNet.ArgumentValidation.UnitTests", "StaticDotNet.ArgumentValidation.UnitTests\StaticDotNet.ArgumentValidation.UnitTests.csproj", "{42F0533A-520F-46DA-A618-ACA43B64E246}"
EndProject
Project("{9A19103F-16F7-4668-BE54-9A1E7A4F7556}") = "StaticDotNet.ArgumentValidation.Benchmarks", "StaticDotNet.ArgumentValidation.Benchmarks\StaticDotNet.ArgumentValidation.Benchmarks.csproj", "{368E54C2-9584-480A-A8B7-367FD25C7FAC}"
EndProject
Global
	GlobalSection(SolutionConfigurationPlatforms) = preSolution
		Debug|Any CPU = Debug|Any CPU
		Release|Any CPU = Release|Any CPU
	EndGlobalSection
	GlobalSection(ProjectConfigurationPlatforms) = postSolution
		{1B7BABCF-A44D-4767-9401-42846A9F37CD}.Debug|Any CPU.ActiveCfg = Debug|Any CPU
		{1B7BABCF-A44D-4767-9401-42846A9F37CD}.Debug|Any CPU.Build.0 = Debug|Any CPU
		{1B7BABCF-A44D-4767-9401-42846A9F37CD}.Release|Any CPU.ActiveCfg = Release|Any CPU
		{1B7BABCF-A44D-4767-9401-42846A9F37CD}.Release|Any CPU.Build.0 = Release|Any CPU
		{42F0533A-520F-46DA-A618-ACA43B64E246}.Debug|Any CPU.ActiveCfg = Debug|Any CPU
		{42F0533A-520F-46DA-A618-ACA43B64E246}.Debug|Any CPU.Build.0 = Debug|Any CPU
		{42F0533A-520F-46DA-A618-ACA43B64E246}.Release|Any CPU.ActiveCfg = Release|Any CPU
		{42F0533A-520F-46DA-A618-ACA43B64E246}.Release|Any CPU.Build.0 = Release|Any CPU
		{368E54C2-9584-480A-A8B7-367FD25C7FAC}.Debug|Any CPU.ActiveCfg = Debug|Any CPU
		{368E54C2-9584-480A-A8B7-367FD25C7FAC}.Debug|Any CPU.Build.0 = Debug|Any CPU
		{368E54C2-9584-480A-A8B7-367FD25C7FAC}.Release|Any CPU.ActiveCfg = Release|Any CPU
		{368E54C2-9584-480A-A8B7-367FD25C7FAC}.Release|Any CPU.Build.0 = Release|Any CPU
	EndGlobalSection
	GlobalSection(SolutionProperties) = preSolution
		HideSolutionNode = FALSE
	EndGlobalSection
	GlobalSection(ExtensibilityGlobals) = postSolution
		SolutionGuid = {36C0F638-4E14-42D6-9099-F4E6C7DD9A48}
	EndGlobalSection
EndGlobal
